
Microsoft Visual Studio Solution File, Format Version 12.00
# Visual Studio Version 17
VisualStudioVersion = 17.1.32328.378
MinimumVisualStudioVersion = 10.0.40219.1
Project("{8BC9CEB8-8B4A-11D0-8D11-00A0C91BC942}") = "Chapter_10", "Chapter_10\Chapter_10.vcxproj", "{76EE24E7-C5F3-4333-9AE4-C8C61D5EF93D}"
EndProject
Project("{8BC9CEB8-8B4A-11D0-8D11-00A0C91BC942}") = "Storing_String_inChar", "Storing_String_inChar\Storing_String_inChar.vcxproj", "{36DA264D-E399-4610-85B2-19FD8EFD5D58}"
EndProject
Project("{8BC9CEB8-8B4A-11D0-8D11-00A0C91BC942}") = "Using_strstr_function_searching_array", "Using_strstr_function_searching_array\Using_strstr_function_searching_array.vcxproj", "{29632ACC-E4A2-49EC-BDD3-321DCBD782BA}"
EndProject
Project("{8BC9CEB8-8B4A-11D0-8D11-00A0C91BC942}") = "Using_strcmp_function_comparision", "Using_strcmp_function_comparision\Using_strcmp_function_comparision.vcxproj", "{AE27AF8D-DF33-4454-9C34-8D5EE0212F8E}"
EndProject
Project("{8BC9CEB8-8B4A-11D0-8D11-00A0C91BC942}") = "Using_strcmp_toOrder_alphabetically", "Using_strcmp_toOrder_alphabetically\Using_strcmp_toOrder_alphabetically.vcxproj", "{1ED76A1B-74AF-45D2-8840-B021C6BBA60F}"
EndProject
Project("{8BC9CEB8-8B4A-11D0-8D11-00A0C91BC942}") = "For_practice", "For_practice\For_practice.vcxproj", "{E2F5F419-ECC6-49BF-90FA-10055F3083A7}"
EndProject
Project("{8BC9CEB8-8B4A-11D0-8D11-00A0C91BC942}") = "Using_stoi_function", "Using_stoi_function\Using_stoi_function.vcxproj", "{CFE4CA04-637D-4D10-A80E-EDE2B7319A79}"
EndProject
Project("{8BC9CEB8-8B4A-11D0-8D11-00A0C91BC942}") = "Cutting_String", "Cutting_String\Cutting_String.vcxproj", "{1F2D2778-B6B1-4998-BC94-C75C85B4413D}"
EndProject
Project("{8BC9CEB8-8B4A-11D0-8D11-00A0C91BC942}") = "Character_counter", "Character_counter\Character_counter.vcxproj", "{AE76EC01-331E-42E6-82BC-CA582260BDDA}"
EndProject
Project("{8BC9CEB8-8B4A-11D0-8D11-00A0C91BC942}") = "Formatting_numbers_dollarSign", "Formatting_numbers_dollarSign\Formatting_numbers_dollarSign.vcxproj", "{A72B84D7-1AD1-466A-AA52-665971B1B009}"
EndProject
Global
	GlobalSection(SolutionConfigurationPlatforms) = preSolution
		Debug|x64 = Debug|x64
		Debug|x86 = Debug|x86
		Release|x64 = Release|x64
		Release|x86 = Release|x86
	EndGlobalSection
	GlobalSection(ProjectConfigurationPlatforms) = postSolution
		{76EE24E7-C5F3-4333-9AE4-C8C61D5EF93D}.Debug|x64.ActiveCfg = Debug|x64
		{76EE24E7-C5F3-4333-9AE4-C8C61D5EF93D}.Debug|x64.Build.0 = Debug|x64
		{76EE24E7-C5F3-4333-9AE4-C8C61D5EF93D}.Debug|x86.ActiveCfg = Debug|Win32
		{76EE24E7-C5F3-4333-9AE4-C8C61D5EF93D}.Debug|x86.Build.0 = Debug|Win32
		{76EE24E7-C5F3-4333-9AE4-C8C61D5EF93D}.Release|x64.ActiveCfg = Release|x64
		{76EE24E7-C5F3-4333-9AE4-C8C61D5EF93D}.Release|x64.Build.0 = Release|x64
		{76EE24E7-C5F3-4333-9AE4-C8C61D5EF93D}.Release|x86.ActiveCfg = Release|Win32
		{76EE24E7-C5F3-4333-9AE4-C8C61D5EF93D}.Release|x86.Build.0 = Release|Win32
		{36DA264D-E399-4610-85B2-19FD8EFD5D58}.Debug|x64.ActiveCfg = Debug|x64
		{36DA264D-E399-4610-85B2-19FD8EFD5D58}.Debug|x64.Build.0 = Debug|x64
		{36DA264D-E399-4610-85B2-19FD8EFD5D58}.Debug|x86.ActiveCfg = Debug|Win32
		{36DA264D-E399-4610-85B2-19FD8EFD5D58}.Debug|x86.Build.0 = Debug|Win32
		{36DA264D-E399-4610-85B2-19FD8EFD5D58}.Release|x64.ActiveCfg = Release|x64
		{36DA264D-E399-4610-85B2-19FD8EFD5D58}.Release|x64.Build.0 = Release|x64
		{36DA264D-E399-4610-85B2-19FD8EFD5D58}.Release|x86.ActiveCfg = Release|Win32
		{36DA264D-E399-4610-85B2-19FD8EFD5D58}.Release|x86.Build.0 = Release|Win32
		{29632ACC-E4A2-49EC-BDD3-321DCBD782BA}.Debug|x64.ActiveCfg = Debug|x64
		{29632ACC-E4A2-49EC-BDD3-321DCBD782BA}.Debug|x64.Build.0 = Debug|x64
		{29632ACC-E4A2-49EC-BDD3-321DCBD782BA}.Debug|x86.ActiveCfg = Debug|Win32
		{29632ACC-E4A2-49EC-BDD3-321DCBD782BA}.Debug|x86.Build.0 = Debug|Win32
		{29632ACC-E4A2-49EC-BDD3-321DCBD782BA}.Release|x64.ActiveCfg = Release|x64
		{29632ACC-E4A2-49EC-BDD3-321DCBD782BA}.Release|x64.Build.0 = Release|x64
		{29632ACC-E4A2-49EC-BDD3-321DCBD782BA}.Release|x86.ActiveCfg = Release|Win32
		{29632ACC-E4A2-49EC-BDD3-321DCBD782BA}.Release|x86.Build.0 = Release|Win32
		{AE27AF8D-DF33-4454-9C34-8D5EE0212F8E}.Debug|x64.ActiveCfg = Debug|x64
		{AE27AF8D-DF33-4454-9C34-8D5EE0212F8E}.Debug|x64.Build.0 = Debug|x64
		{AE27AF8D-DF33-4454-9C34-8D5EE0212F8E}.Debug|x86.ActiveCfg = Debug|Win32
		{AE27AF8D-DF33-4454-9C34-8D5EE0212F8E}.Debug|x86.Build.0 = Debug|Win32
		{AE27AF8D-DF33-4454-9C34-8D5EE0212F8E}.Release|x64.ActiveCfg = Release|x64
		{AE27AF8D-DF33-4454-9C34-8D5EE0212F8E}.Release|x64.Build.0 = Release|x64
		{AE27AF8D-DF33-4454-9C34-8D5EE0212F8E}.Release|x86.ActiveCfg = Release|Win32
		{AE27AF8D-DF33-4454-9C34-8D5EE0212F8E}.Release|x86.Build.0 = Release|Win32
		{1ED76A1B-74AF-45D2-8840-B021C6BBA60F}.Debug|x64.ActiveCfg = Debug|x64
		{1ED76A1B-74AF-45D2-8840-B021C6BBA60F}.Debug|x64.Build.0 = Debug|x64
		{1ED76A1B-74AF-45D2-8840-B021C6BBA60F}.Debug|x86.ActiveCfg = Debug|Win32
		{1ED76A1B-74AF-45D2-8840-B021C6BBA60F}.Debug|x86.Build.0 = Debug|Win32
		{1ED76A1B-74AF-45D2-8840-B021C6BBA60F}.Release|x64.ActiveCfg = Release|x64
		{1ED76A1B-74AF-45D2-8840-B021C6BBA60F}.Release|x64.Build.0 = Release|x64
		{1ED76A1B-74AF-45D2-8840-B021C6BBA60F}.Release|x86.ActiveCfg = Release|Win32
		{1ED76A1B-74AF-45D2-8840-B021C6BBA60F}.Release|x86.Build.0 = Release|Win32
		{E2F5F419-ECC6-49BF-90FA-10055F3083A7}.Debug|x64.ActiveCfg = Debug|x64
		{E2F5F419-ECC6-49BF-90FA-10055F3083A7}.Debug|x64.Build.0 = Debug|x64
		{E2F5F419-ECC6-49BF-90FA-10055F3083A7}.Debug|x86.ActiveCfg = Debug|Win32
		{E2F5F419-ECC6-49BF-90FA-10055F3083A7}.Debug|x86.Build.0 = Debug|Win32
		{E2F5F419-ECC6-49BF-90FA-10055F3083A7}.Release|x64.ActiveCfg = Release|x64
		{E2F5F419-ECC6-49BF-90FA-10055F3083A7}.Release|x64.Build.0 = Release|x64
		{E2F5F419-ECC6-49BF-90FA-10055F3083A7}.Release|x86.ActiveCfg = Release|Win32
		{E2F5F419-ECC6-49BF-90FA-10055F3083A7}.Release|x86.Build.0 = Release|Win32
		{CFE4CA04-637D-4D10-A80E-EDE2B7319A79}.Debug|x64.ActiveCfg = Debug|x64
		{CFE4CA04-637D-4D10-A80E-EDE2B7319A79}.Debug|x64.Build.0 = Debug|x64
		{CFE4CA04-637D-4D10-A80E-EDE2B7319A79}.Debug|x86.ActiveCfg = Debug|Win32
		{CFE4CA04-637D-4D10-A80E-EDE2B7319A79}.Debug|x86.Build.0 = Debug|Win32
		{CFE4CA04-637D-4D10-A80E-EDE2B7319A79}.Release|x64.ActiveCfg = Release|x64
		{CFE4CA04-637D-4D10-A80E-EDE2B7319A79}.Release|x64.Build.0 = Release|x64
		{CFE4CA04-637D-4D10-A80E-EDE2B7319A79}.Release|x86.ActiveCfg = Release|Win32
		{CFE4CA04-637D-4D10-A80E-EDE2B7319A79}.Release|x86.Build.0 = Release|Win32
		{1F2D2778-B6B1-4998-BC94-C75C85B4413D}.Debug|x64.ActiveCfg = Debug|x64
		{1F2D2778-B6B1-4998-BC94-C75C85B4413D}.Debug|x64.Build.0 = Debug|x64
		{1F2D2778-B6B1-4998-BC94-C75C85B4413D}.Debug|x86.ActiveCfg = Debug|Win32
		{1F2D2778-B6B1-4998-BC94-C75C85B4413D}.Debug|x86.Build.0 = Debug|Win32
		{1F2D2778-B6B1-4998-BC94-C75C85B4413D}.Release|x64.ActiveCfg = Release|x64
		{1F2D2778-B6B1-4998-BC94-C75C85B4413D}.Release|x64.Build.0 = Release|x64
		{1F2D2778-B6B1-4998-BC94-C75C85B4413D}.Release|x86.ActiveCfg = Release|Win32
		{1F2D2778-B6B1-4998-BC94-C75C85B4413D}.Release|x86.Build.0 = Release|Win32
		{AE76EC01-331E-42E6-82BC-CA582260BDDA}.Debug|x64.ActiveCfg = Debug|x64
		{AE76EC01-331E-42E6-82BC-CA582260BDDA}.Debug|x64.Build.0 = Debug|x64
		{AE76EC01-331E-42E6-82BC-CA582260BDDA}.Debug|x86.ActiveCfg = Debug|Win32
		{AE76EC01-331E-42E6-82BC-CA582260BDDA}.Debug|x86.Build.0 = Debug|Win32
		{AE76EC01-331E-42E6-82BC-CA582260BDDA}.Release|x64.ActiveCfg = Release|x64
		{AE76EC01-331E-42E6-82BC-CA582260BDDA}.Release|x64.Build.0 = Release|x64
		{AE76EC01-331E-42E6-82BC-CA582260BDDA}.Release|x86.ActiveCfg = Release|Win32
		{AE76EC01-331E-42E6-82BC-CA582260BDDA}.Release|x86.Build.0 = Release|Win32
		{A72B84D7-1AD1-466A-AA52-665971B1B009}.Debug|x64.ActiveCfg = Debug|x64
		{A72B84D7-1AD1-466A-AA52-665971B1B009}.Debug|x64.Build.0 = Debug|x64
		{A72B84D7-1AD1-466A-AA52-665971B1B009}.Debug|x86.ActiveCfg = Debug|Win32
		{A72B84D7-1AD1-466A-AA52-665971B1B009}.Debug|x86.Build.0 = Debug|Win32
		{A72B84D7-1AD1-466A-AA52-665971B1B009}.Release|x64.ActiveCfg = Release|x64
		{A72B84D7-1AD1-466A-AA52-665971B1B009}.Release|x64.Build.0 = Release|x64
		{A72B84D7-1AD1-466A-AA52-665971B1B009}.Release|x86.ActiveCfg = Release|Win32
		{A72B84D7-1AD1-466A-AA52-665971B1B009}.Release|x86.Build.0 = Release|Win32
	EndGlobalSection
	GlobalSection(SolutionProperties) = preSolution
		HideSolutionNode = FALSE
	EndGlobalSection
	GlobalSection(ExtensibilityGlobals) = postSolution
		SolutionGuid = {6C4A0F61-DA25-421F-B8DF-97C4F4D2E5D2}
	EndGlobalSection
EndGlobal
